# This file is automatically @generated by Cargo.
# It is not intended for manual editing.
version = 3

[[package]]
name = "august_leetcoding_challenge"
version = "0.1.0"
dependencies = [
 "rand",
]

[[package]]
name = "cfg-if"
version = "0.1.10"
source = "registry+https://github.com/rust-lang/crates.io-index"
checksum = "4785bdd1c96b2a846b2bd7cc02e86b6b3dbf14e7e53446c4f54c92a361040822"

[[package]]
name = "day01_gray_code"
version = "0.1.0"

[[package]]
name = "day01_making_a_large_island"
version = "0.1.0"

[[package]]
name = "day01_prefix_and_suffix_search"
version = "0.1.0"

[[package]]
name = "day02_course_schedule_iii"
version = "0.1.0"

[[package]]
name = "day02_trim_a_binary_search_tree"
version = "0.1.0"

[[package]]
name = "day03_erect_the_fence"
version = "0.1.0"

[[package]]
name = "day03_longest_valid_parentheses"
version = "0.1.0"

[[package]]
name = "day03_max_sum_of_rectangle_no_larget_than_k"
version = "0.1.0"

[[package]]
name = "day03_maximum_area_of_a_piece_of_cake_after_horizontal_and_vertical_cuts"
version = "0.1.0"

[[package]]
name = "day03_running_sum_of_1d_array"
version = "0.1.0"

[[package]]
name = "day04_count_vowels_permutation"
version = "0.1.0"

[[package]]
name = "day04_sum_of_distances_in_tree"
version = "0.1.0"

[[package]]
name = "day05_jump_game_ii"
version = "0.1.0"

[[package]]
name = "day05_maximum_performance_of_a_team"
version = "0.1.0"

[[package]]
name = "day05_orderly_queue"
version = "0.1.0"

[[package]]
name = "day06_longest_consecutive_sequence"
version = "0.1.0"

[[package]]
name = "day06_minimum_operations_to_make_array_equal"
version = "0.1.0"

[[package]]
name = "day06_reduce_array_size_to_the_half"
version = "0.1.0"

[[package]]
name = "day06_short_encoding_of_words"
version = "0.1.0"

[[package]]
name = "day06_slowest_key"
version = "0.1.0"

[[package]]
name = "day07_determine_if_string_halves_are_alike"
version = "0.1.0"

[[package]]
name = "day07_palindrome_paritioning_ii"
version = "0.1.0"

[[package]]
name = "day07_shortest_distance_to_character"
version = "0.1.0"

[[package]]
name = "day08_rank_transform_of_a_matrix"
version = "0.1.0"

[[package]]
name = "day08_remove_palindromic_subsequences"
version = "0.1.0"

[[package]]
name = "day08_super_palindromes"
version = "0.1.0"

[[package]]
name = "day09_construct_target_array_with_multiple_sums"
version = "0.1.0"

[[package]]
name = "day09_jump_game_vi"
version = "0.1.0"

[[package]]
name = "day09_longest_increaseing_subsequence"
version = "0.1.0"

[[package]]
name = "day09_verifying_an_alien_dictionary"
version = "0.1.0"

[[package]]
name = "day10_arithmeric_slices_ii"
version = "0.1.0"

[[package]]
name = "day10_decode_ways_ii"
version = "0.1.0"

[[package]]
name = "day10_flip_string_to_monotone_increasing"
version = "0.1.0"

[[package]]
name = "day10_longest_increasing_path_in_a_matrix"
version = "0.1.0"

[[package]]
name = "day11_array_of_doubled_pairs"
version = "0.1.0"

[[package]]
name = "day11_basic_calculator"
version = "0.1.0"

[[package]]
name = "day11_deepest_leaves_sum"
version = "0.1.0"

[[package]]
name = "day11_find_median_from_data_stream"
version = "0.1.0"

[[package]]
name = "day11_maximum_points_you_can_obtain_from_cards"
version = "0.1.0"

[[package]]
name = "day11_stone_game_vii"
version = "0.1.0"

[[package]]
name = "day12_check_if_a_string_contains_all_binary_codes_of_size_k"
version = "0.1.0"

[[package]]
name = "day12_minimum_number_of_refueling_stops"
version = "0.1.0"

[[package]]
name = "day12_number_of_steps_to_reduce_a_number_to_zero"
version = "0.1.0"

[[package]]
name = "day12_reachable_nodes_in_subdivided_graph"
version = "0.1.0"

[[package]]
name = "day13_ambiguous_coodinates"
version = "0.1.0"

[[package]]
name = "day13_binary_trees_with_factors"
version = "0.1.0"

[[package]]
name = "day13_maximum_number_of_balloons"
version = "0.1.0"

[[package]]
name = "day13_palindrome_pairs"
version = "0.1.0"

[[package]]
name = "day13_shortest_path_in_binary_matrix"
version = "0.1.0"

[[package]]
name = "day14_is_graph_bipartite"
version = "0.1.0"

[[package]]
name = "day14_maximum_units_in_a_truck"
version = "0.1.0"

[[package]]
name = "day14_remove_boxes"
version = "0.1.0"

[[package]]
name = "day14_swapping_nodes_in_a_linked_list"
version = "0.1.0"

[[package]]
name = "day15_longest_turbulent_subarray"
version = "0.1.0"

[[package]]
name = "day15_minimum_window_substring"
version = "0.1.0"

[[package]]
name = "day15_the_k_th_weakest_rows_in_a_matrix"
version = "0.1.0"

[[package]]
name = "day15_valid_number"
version = "0.1.0"

[[package]]
name = "day16_binary_tree_cameras"
version = "0.1.0"

[[package]]
name = "day16_letter_case_permutation"
version = "0.1.0"

[[package]]
name = "day16_remove_all_adjacents_in_string_ii"
version = "0.1.0"

[[package]]
name = "day17_count_good_nodes_in_binary_tree"
version = "0.1.0"

[[package]]
name = "day17_longest_string_chain"
version = "0.1.0"

[[package]]
name = "day17_number_of_submatrices_that_sum_to_target"
version = "0.1.0"

[[package]]
name = "day17_three_equal_parts"
version = "0.1.0"

[[package]]
name = "day18_reverse_nodes_in_k_group"
version = "0.1.0"

[[package]]
name = "day19_expression_add_operators"
version = "0.1.0"

[[package]]
name = "day19_k_inverse_pairs_array"
version = "0.1.0"

[[package]]
name = "day19_keys_and_rooms"
version = "0.1.0"

[[package]]
name = "day19_maximum_product_of_splitted_binary_tree"
version = "0.1.0"

[[package]]
name = "day19_minimum_remove_to_make_valid_parentheses"
version = "0.1.0"

[[package]]
name = "day20_design_underground_system"
version = "0.1.0"

[[package]]
name = "day20_distinct_subsequences"
version = "0.1.0"

[[package]]
name = "day20_swim_in_riging_water"
version = "0.1.0"

[[package]]
name = "day21_broken_calculator"
version = "0.1.0"

[[package]]
name = "day21_find_and_replace_pattern"
version = "0.1.0"

[[package]]
name = "day21_find_winner_on_a_tic_tac_toe_game"
version = "0.1.0"

[[package]]
name = "day21_reordered_power_of_2"
version = "0.1.0"

[[package]]
name = "day21_sudoku_solver"
version = "0.1.0"

[[package]]
name = "day22_maximum_length_of_a_concatenated_string_with_unique_characters"
version = "0.1.0"

[[package]]
name = "day22_n_queens"
version = "0.1.0"

[[package]]
name = "day22_parition_array_into_disjoint_intervals"
version = "0.1.0"

[[package]]
name = "day22_rectangle_area_ii"
version = "0.1.0"

[[package]]
name = "day22_vowel_spellchecker"
version = "0.1.0"

[[package]]
name = "day23_3sum_with_multiplicity"
version = "0.1.0"

[[package]]
name = "day23_break_a_palindrome"
version = "0.1.0"

[[package]]
name = "day23_find_the_shortest_superstring"
version = "0.1.0"

[[package]]
name = "day24_advantage_shuffle"
version = "0.1.0"

[[package]]
name = "day24_critical_connections_in_a_network"
version = "0.1.0"

[[package]]
name = "day24_n_th_tribonacci_number"
version = "0.1.0"

[[package]]
name = "day24_score_of_parentheses"
version = "0.1.0"

[[package]]
name = "day24_word_ladder_ii"
version = "0.1.0"

[[package]]
name = "day25_non_negative_integers_without_consecutive_ones"
version = "0.1.0"

[[package]]
name = "day25_shortest_path_in_a_grid_with_obstacles_elimination"
version = "0.1.0"

[[package]]
name = "day26_count_of_smaller_numbers_after_self"
version = "0.1.0"

[[package]]
name = "day26_furthest_building_you_can_reach"
version = "0.1.0"

[[package]]
name = "day26_partitioning_into_maximum_nubmer_of_deci_binary_numbers"
version = "0.1.0"

[[package]]
name = "day26_transform_to_chessboard"
version = "0.1.0"

[[package]]
name = "day26_validate_stack_sequences"
version = "0.1.0"

[[package]]
name = "day26_word_subsets"
version = "0.1.0"

[[package]]
name = "day27_candy"
version = "0.1.0"

[[package]]
name = "day28_beautiful_array"
version = "0.1.0"

[[package]]
name = "day28_maximum_erasure_value"
version = "0.1.0"

[[package]]
name = "day28_maximum_frequency_stack"
version = "0.1.0"

[[package]]
name = "day28_maximum_profit_in_job_scheduling"
version = "0.1.0"

[[package]]
name = "day28_remove_all_adjacent_duplicates_in_string"
version = "0.1.0"

[[package]]
name = "day29_flip_binary_tree_to_match_preorder_traversal"
version = "0.1.0"

[[package]]
name = "day29_max_consecutive_ones_iii"
version = "0.1.0"

[[package]]
name = "day29_n_queens_ii"
version = "0.1.0"

[[package]]
name = "day29_patching_array"
version = "0.1.0"

[[package]]
name = "day30_maximum_gap"
version = "0.1.0"

[[package]]
name = "day30_powerful_integers"
version = "0.1.0"

[[package]]
name = "day30_russian_doll_envelopes"
version = "0.1.0"

[[package]]
name = "day31_search_suggestions_system"
version = "0.1.0"

[[package]]
name = "day31_stamping_the_sequence"
version = "0.1.0"

[[package]]
name = "day31_trapping_rain_water"
version = "0.1.0"

[[package]]
name = "december_leetcoding_challenge"
version = "0.1.0"
dependencies = [
 "rand",
]

[[package]]
name = "getrandom"
version = "0.1.15"
source = "registry+https://github.com/rust-lang/crates.io-index"
checksum = "fc587bc0ec293155d5bfa6b9891ec18a1e330c234f896ea47fbada4cadbe47e6"
dependencies = [
 "cfg-if",
 "libc",
 "wasi",
]

[[package]]
name = "january_leetcoding_challenge"
version = "0.1.0"

[[package]]
name = "libc"
version = "0.2.80"
source = "registry+https://github.com/rust-lang/crates.io-index"
checksum = "4d58d1b70b004888f764dfbf6a26a3b0342a1632d33968e4a179d8011c760614"

[[package]]
name = "november_leetcoding_challenge"
version = "0.1.0"
dependencies = [
 "rand",
]

[[package]]
name = "october_leetcoding_challenge"
version = "0.1.0"
dependencies = [
 "rand",
]

[[package]]
name = "p0011_containing_with_most_water"
version = "0.1.0"

[[package]]
name = "p0053_maximum_subarray"
version = "0.1.0"

[[package]]
name = "p0085_maximum_rectangle"
version = "0.1.0"

[[package]]
name = "p0097_iterleaving_string"
version = "0.1.0"

[[package]]
name = "p0123_best_time_to_bus_and_sell_stock_iii"
version = "0.1.0"

[[package]]
name = "p0134_gas_station"
version = "0.1.0"

[[package]]
name = "p0154_find_minimun_in_rotated_sorted_array_ii"
version = "0.1.0"

[[package]]
name = "p0174_dungeon_game"
version = "0.1.0"

[[package]]
name = "p0212_word_search_ii"
version = "0.1.0"

[[package]]
name = "p0354_russian_doll_envelopes"
version = "0.1.0"

[[package]]
name = "p0410_split_array_largest_sum"
version = "0.1.0"

[[package]]
name = "p0456_132_pattern"
version = "0.1.0"

[[package]]
name = "p0463_island_perimeter"
version = "0.1.0"

[[package]]
name = "p0464_can_i_win"
version = "0.1.0"

[[package]]
name = "p0467_unique_substrings_in_wraparound_string"
version = "0.1.0"

[[package]]
name = "p0468_validate_ip_address"
version = "0.1.0"

[[package]]
name = "p0473_matchsticks_to_square"
version = "0.1.0"

[[package]]
name = "p0474_ones_and_zeros"
version = "0.1.0"

[[package]]
name = "p0475_heaters"
version = "0.1.0"

[[package]]
name = "p0476_number_complement"
version = "0.1.0"

[[package]]
name = "p0477_total_hamming_distance"
version = "0.1.0"

[[package]]
name = "p0478_generate_random_point_in_a_circle"
version = "0.1.0"
dependencies = [
 "rand",
]

[[package]]
name = "p0481_magical_string"
version = "0.1.0"

[[package]]
name = "p0482_license_key_formatting"
version = "0.1.0"

[[package]]
name = "p0485_max_consecutive_ones"
version = "0.1.0"

[[package]]
name = "p0486_predict_the_winner"
version = "0.1.0"

[[package]]
name = "p0491_increasing_subsequence"
version = "0.1.0"

[[package]]
name = "p0492_construct_the_rectangle"
version = "0.1.0"

[[package]]
name = "p0494_target_sum"
version = "0.1.0"

[[package]]
name = "p0496_next_greater_element_i"
version = "0.1.0"

[[package]]
name = "p0500_keyboard_row"
version = "0.1.0"

[[package]]
name = "p0501_find_mode_in_binary_search_tree"
version = "0.1.0"

[[package]]
name = "p0503_next_greater_element_ii"
version = "0.1.0"

[[package]]
name = "p0504_base_7"
version = "0.1.0"

[[package]]
name = "p0506_relative_ranks"
version = "0.1.0"

[[package]]
name = "p0507_perfect_number"
version = "0.1.0"

[[package]]
name = "p0508_most_frequent_subtree_sum"
version = "0.1.0"

[[package]]
name = "p0509_fibonacci_number"
version = "0.1.0"

[[package]]
name = "p0512_longest_uncommon_subsequence_ii"
version = "0.1.0"

[[package]]
name = "p0513_find_bottom_left_tree_value"
version = "0.1.0"

[[package]]
name = "p0515_find_largest_value_in_each_row"
version = "0.1.0"

[[package]]
name = "p0516_longest_palindromic_subsequence"
version = "0.1.0"

[[package]]
name = "p0518_coin_change_2"
version = "0.1.0"

[[package]]
name = "p0519_random_flip_matrix"
version = "0.1.0"
dependencies = [
 "rand",
]

[[package]]
name = "p0521_longest_uncommon_subsequence_i"
version = "0.1.0"

[[package]]
name = "p0523_cotinuous_subarray_sum"
version = "0.1.0"

[[package]]
name = "p0524_longest_word_in_dictionary_through_deleting"
version = "0.1.0"

[[package]]
name = "p0525_contiguous_array"
version = "0.1.0"

[[package]]
name = "p0528_random_pick_with_weight"
version = "0.1.0"
dependencies = [
 "rand",
]

[[package]]
name = "p0529_minesweeper"
version = "0.1.0"

[[package]]
name = "p0530_minimum_absolute_difference_in_bst"
version = "0.1.0"

[[package]]
name = "p0535_encode_and_decode_tiny_url"
version = "0.1.0"
dependencies = [
 "rand",
]

[[package]]
name = "p0537_complex_number_multiplication"
version = "0.1.0"

[[package]]
name = "p0538_convert_bst_to_greater_tree"
version = "0.1.0"

[[package]]
name = "p0539_minimum_time_difference"
version = "0.1.0"

[[package]]
name = "p0540_single_emenet_in_a_sorted_array"
version = "0.1.0"

[[package]]
name = "p0541_reverse_string_ii"
version = "0.1.0"

[[package]]
name = "p0542_01_matrix"
version = "0.1.0"

[[package]]
name = "p0543_diameter_of_binary_tree"
version = "0.1.0"

[[package]]
name = "p0547_number_of_provinces"
version = "0.1.0"

[[package]]
name = "p0551_student_attendance_record_i"
version = "0.1.0"

[[package]]
name = "p0553_optimal_division"
version = "0.1.0"

[[package]]
name = "p0554_brick_wall"
version = "0.1.0"

[[package]]
name = "p0557_reverse_words_in_a_string_iii"
version = "0.1.0"

[[package]]
name = "p0560_subarray_sum_equals_k"
version = "0.1.0"

[[package]]
name = "p0561_array_partition_i"
version = "0.1.0"

[[package]]
name = "p0565_array_nesting"
version = "0.1.0"

[[package]]
name = "p0566_reshape_the_matrix"
version = "0.1.0"

[[package]]
name = "p0567_permutation_in_string"
version = "0.1.0"

[[package]]
name = "p0572_subtree_of_another_tree"
version = "0.1.0"

[[package]]
name = "p0575_distribute_candies"
version = "0.1.0"

[[package]]
name = "p0576_out_of_boundary_paths"
version = "0.1.0"

[[package]]
name = "p0581_shortest_unsorted_continuous_subarray"
version = "0.1.0"

[[package]]
name = "p0583_delete_operation_for_two_strings"
version = "0.1.0"

[[package]]
name = "p0592_fraction_addition_and_subtraction"
version = "0.1.0"

[[package]]
name = "p0594_longest_harmonious_subsequence"
version = "0.1.0"

[[package]]
name = "p0598_range_addition_ii"
version = "0.1.0"

[[package]]
name = "p0599_minimum_index_sum_of_two_lists"
version = "0.1.0"

[[package]]
name = "p0606_construct_string_from_binary_tree"
version = "0.1.0"

[[package]]
name = "p0609_find_duplicate_file_in_system"
version = "0.1.0"

[[package]]
name = "p0611_valid_triangle_number"
version = "0.1.0"

[[package]]
name = "p0617_merge_two_binary_trees"
version = "0.1.0"

[[package]]
name = "p0621_task_scheduler"
version = "0.1.0"

[[package]]
name = "p0622_design_circular_queue"
version = "0.1.0"

[[package]]
name = "p0623_add_one_row_to_tree"
version = "0.1.0"

[[package]]
name = "p0628_maximum_product_of_three_numbers"
version = "0.1.0"

[[package]]
name = "p0633_sum_of_square_numbers"
version = "0.1.0"

[[package]]
name = "p0636_exclusive_time_of_functions"
version = "0.1.0"

[[package]]
name = "p0637_average_of_levels_in_binary_tree"
version = "0.1.0"

[[package]]
name = "p0638_shopping_offers"
version = "0.1.0"

[[package]]
name = "p0640_solve_the_equation"
version = "0.1.0"

[[package]]
name = "p0641_design_circular_deque"
version = "0.1.0"

[[package]]
name = "p0643_maximum_average_subarray_i"
version = "0.1.0"

[[package]]
name = "p0645_set_mismatch"
version = "0.1.0"

[[package]]
name = "p0646_maximum_length_of_pair_chain"
version = "0.1.0"

[[package]]
name = "p0647_palindromic_substrings"
version = "0.1.0"

[[package]]
name = "p0648_replace_words"
version = "0.1.0"

[[package]]
name = "p0649_dota2_senate"
version = "0.1.0"

[[package]]
name = "p0650_2_keys_keyboard"
version = "0.1.0"

[[package]]
name = "p0652_find_duplicate_subtrees"
version = "0.1.0"

[[package]]
name = "p0653_two_sum_iv_input_is_a_bst"
version = "0.1.0"

[[package]]
name = "p0654_maximum_binary_tree"
version = "0.1.0"

[[package]]
name = "p0655_print_binary_tree"
version = "0.1.0"

[[package]]
name = "p0657_robot_return_to_origin"
version = "0.1.0"

[[package]]
name = "p0658_find_k_closest_elements"
version = "0.1.0"

[[package]]
name = "p0659_split_array_into_consecutive_subsequences"
version = "0.1.0"

[[package]]
name = "p0661_image_smoother"
version = "0.1.0"

[[package]]
name = "p0662_maximum_witdh_of_binery_tree"
version = "0.1.0"

[[package]]
name = "p0665_non_decreasing_array"
version = "0.1.0"

[[package]]
name = "p0667_beautiful_arrangement_ii"
version = "0.1.0"

[[package]]
name = "p0668_kth_smallest_number_in_multiplication_table"
version = "0.1.0"

[[package]]
name = "p0670_maximum_swap"
version = "0.1.0"

[[package]]
name = "p0671_second_minimum_node_in_a_binary_tree"
version = "0.1.0"

[[package]]
name = "p0672_bulb_switcher_ii"
version = "0.1.0"

[[package]]
name = "p0674_longest_continuouts_increasing_subsequence"
version = "0.1.0"

[[package]]
name = "p0676_implement_magic_dictionary"
version = "0.1.0"

[[package]]
name = "p0677_map_sum_pairs"
version = "0.1.0"

[[package]]
name = "p0678_valid_parenthesis_string"
version = "0.1.0"

[[package]]
name = "p0680_valid_palindrome_ii"
version = "0.1.0"

[[package]]
name = "p0682_baseball_game"
version = "0.1.0"

[[package]]
name = "p0684_redundant_connection"
version = "0.1.0"

[[package]]
name = "p0686_repeated_string_match"
version = "0.1.0"

[[package]]
name = "p0687_longest_univalue_path"
version = "0.1.0"

[[package]]
name = "p0688_knight_probability_in_chessboard"
version = "0.1.0"

[[package]]
name = "p0692_top_k_frequent_words"
version = "0.1.0"

[[package]]
name = "p0693_binary_number_with_altenating_bits"
version = "0.1.0"

[[package]]
name = "p0695_max_area_of_island"
version = "0.1.0"

[[package]]
name = "p0696_count_binary_substrings"
version = "0.1.0"

[[package]]
name = "p0697_degree_of_an_array"
version = "0.1.0"

[[package]]
name = "p0698_partition_to_k_equal_subsets"
version = "0.1.0"

[[package]]
name = "p0700_search_in_a_binary_search_tree"
version = "0.1.0"

[[package]]
name = "p0703_kth_largest_element_in_a_stream"
version = "0.1.0"

[[package]]
name = "p0706_design_hashmap"
version = "0.1.0"

[[package]]
name = "p0707_design_linked_list"
version = "0.1.0"

[[package]]
name = "p0709_to_lower_case"
version = "0.1.0"

[[package]]
name = "p0712_minimum_ascii_delete_sum_for_two_strings"
version = "0.1.0"

[[package]]
name = "p0714_best_time_to_buy_sell_stock_with_transaction_fee"
version = "0.1.0"

[[package]]
name = "p0717_1_bit_and_2_bit_characters"
version = "0.1.0"

[[package]]
name = "p0718_maximum_length_of_repeated_subarray"
version = "0.1.0"

[[package]]
name = "p0720_longest_word_in_dictionary"
version = "0.1.0"

[[package]]
name = "p0721_accounts_merge"
version = "0.1.0"

[[package]]
name = "p0722_remove_comments"
version = "0.1.0"

[[package]]
name = "p0724_find_pivot_index"
version = "0.1.0"

[[package]]
name = "p0725_split_linked_list_in_parts"
version = "0.1.0"

[[package]]
name = "p0728_self_dividing_numbers"
version = "0.1.0"

[[package]]
name = "p0729_my_calendar_i"
version = "0.1.0"

[[package]]
name = "p0731_my_calendar_ii"
version = "0.1.0"

[[package]]
name = "p0733_flood_fill"
version = "0.1.0"

[[package]]
name = "p0738_monotone_increasing_digits"
version = "0.1.0"

[[package]]
name = "p0739_daily_temperatures"
version = "0.1.0"

[[package]]
name = "p0740_delete_and_earn"
version = "0.1.0"

[[package]]
name = "p0743_network_delay_time"
version = "0.1.0"

[[package]]
name = "p0744_find_smallest_letter_greater_than_target"
version = "0.1.0"

[[package]]
name = "p0746_min_cost_climbing_stairs"
version = "0.1.0"

[[package]]
name = "p0747_largest_number_at_least_twice_of_others"
version = "0.1.0"

[[package]]
name = "p0748_shortest_completing_word"
version = "0.1.0"

[[package]]
name = "p0752_open_the_lock"
version = "0.1.0"

[[package]]
name = "p0756_pyramid_transition_matrix"
version = "0.1.0"

[[package]]
name = "p0762_prime_number_of_set_bits_in_binary_representation"
version = "0.1.0"

[[package]]
name = "p0764_largest_plus_sign"
version = "0.1.0"

[[package]]
name = "p0766_toeplitz_matrix"
version = "0.1.0"

[[package]]
name = "p0767_reorganize_string"
version = "0.1.0"

[[package]]
name = "p0769_max_chunks_to_make_sorted"
version = "0.1.0"

[[package]]
name = "p0771_jewels_and_stones"
version = "0.1.0"

[[package]]
name = "p0775_global_and_local_inversions"
version = "0.1.0"

[[package]]
name = "p0777_swap_adjacent_in_a_string"
version = "0.1.0"

[[package]]
name = "p0779_kth_symbol_in_grammar"
version = "0.1.0"

[[package]]
name = "p0781_rabbits_in_forest"
version = "0.1.0"

[[package]]
name = "p0787_cheapest_flights_within_k_stops"
version = "0.1.0"

[[package]]
name = "p0789_escape_the_ghosts"
version = "0.1.0"

[[package]]
name = "p0790_domino_and_tromino_tiling"
version = "0.1.0"

[[package]]
name = "p0791_custom_sort_string"
version = "0.1.0"

[[package]]
name = "p0792_number_of_matching_subsequences"
version = "0.1.0"

[[package]]
name = "p0794_valid_tic_tac_toe_state"
version = "0.1.0"

[[package]]
name = "p0795_number_of_subarrays_with_bounded_maximum"
version = "0.1.0"

[[package]]
name = "p0796_rotate_string"
version = "0.1.0"

[[package]]
name = "p0797_all_paths_from_source_to_target"
version = "0.1.0"

[[package]]
name = "p0801_minimum_swaps_to_make_sequences_increasing"
version = "0.1.0"

[[package]]
name = "p0802_find_eventual_safe_states"
version = "0.1.0"

[[package]]
name = "p0806_number_of_lines_to_write_string"
version = "0.1.0"

[[package]]
name = "p0807_max_increase_to_keep_city_skyline"
version = "0.1.0"

[[package]]
name = "p0808_soup_servings"
version = "0.1.0"

[[package]]
name = "p0809_expressive_words"
version = "0.1.0"

[[package]]
name = "p0811_subdomain_visit_count"
version = "0.1.0"

[[package]]
name = "p0812_largest_triangle_area"
version = "0.1.0"

[[package]]
name = "p0813_largest_sum_of_averages"
version = "0.1.0"

[[package]]
name = "p0814_binary_tree_pruning"
version = "0.1.0"

[[package]]
name = "p0817_linked_list_components"
version = "0.1.0"

[[package]]
name = "p0819_most_common_word"
version = "0.1.0"

[[package]]
name = "p0822_card_flipping_game"
version = "0.1.0"

[[package]]
name = "p0825_friends_of_appropriate_ages"
version = "0.1.0"

[[package]]
name = "p0830_positions_of_large_groups"
version = "0.1.0"

[[package]]
name = "p0831_masking_personal_information"
version = "0.1.0"

[[package]]
name = "p0833_find_and_replace_in_string"
version = "0.1.0"

[[package]]
name = "p0836_rectangle_overlap"
version = "0.1.0"

[[package]]
name = "p0837_new_21_game"
version = "0.1.0"

[[package]]
name = "p0838_push_dominoes"
version = "0.1.0"

[[package]]
name = "p0840_magic_squares_in_grid"
version = "0.1.0"

[[package]]
name = "p0842_split_array_into_fibonacci_sequence"
version = "0.1.0"

[[package]]
name = "p0844_backspace_string_compare"
version = "0.1.0"

[[package]]
name = "p0846_hand_of_straights"
version = "0.1.0"

[[package]]
name = "p0847_shortest_path_visiting_all_nodes"
version = "0.1.0"

[[package]]
name = "p0848_shifting_letters"
version = "0.1.0"

[[package]]
name = "p0851_loud_and_rich"
version = "0.1.0"

[[package]]
name = "p0852_peak_index_in_a_mountain_array"
version = "0.1.0"

[[package]]
name = "p0853_car_fleet"
version = "0.1.0"

[[package]]
name = "p0855_exam_room"
version = "0.1.0"

[[package]]
name = "p0860_lemonade_change"
version = "0.1.0"

[[package]]
name = "p0861_score_after_flipping_matrix"
version = "0.1.0"

[[package]]
name = "p0863_all_nodes_distance_k_in_binary_tree"
version = "0.1.0"

[[package]]
name = "p0866_prime_palindrome"
version = "0.1.0"

[[package]]
name = "p0867_transpose_matrix"
version = "0.1.0"

[[package]]
name = "p0868_binary_gap"
version = "0.1.0"

[[package]]
name = "p0872_laaf_similar_trees"
version = "0.1.0"

[[package]]
name = "p0873_length_of_longest_fibonacci_subsequence"
version = "0.1.0"

[[package]]
name = "p0874_walking_robot_simulation"
version = "0.1.0"

[[package]]
name = "p0875_koko_eating_bananas"
version = "0.1.0"

[[package]]
name = "p0876_middle_of_the_linked_list"
version = "0.1.0"

[[package]]
name = "p0877_stone_game"
version = "0.1.0"

[[package]]
name = "p0878_nth_magical_number"
version = "0.1.0"

[[package]]
name = "p0883_projection_area_of_3d_shapes"
version = "0.1.0"

[[package]]
name = "p0884_uncommon_words_from_two_sentences"
version = "0.1.0"

[[package]]
name = "p0885_spiral_matrix_iii"
version = "0.1.0"

[[package]]
name = "p0886_possible_bipartition"
version = "0.1.0"

[[package]]
name = "p0888_fair_candy_swap"
version = "0.1.0"

[[package]]
name = "p0889_construct_binary_tree_from_preorder_and_postorder_traversal"
version = "0.1.0"

[[package]]
name = "p0892_surface_area_of_3d_shapes"
version = "0.1.0"

[[package]]
name = "p0893_groups_of_special_equivalent_strings"
version = "0.1.0"

[[package]]
name = "p0894_all_possible_full_binary_trees"
version = "0.1.0"

[[package]]
name = "p0896_monotonic_array"
version = "0.1.0"

[[package]]
name = "p0898_bitwise_ors_of_subarrays"
version = "0.1.0"

[[package]]
name = "p0900_rle_iterator"
version = "0.1.0"

[[package]]
name = "p0901_online_stock_span"
version = "0.1.0"

[[package]]
name = "p0904_fruit_into_baskets"
version = "0.1.0"

[[package]]
name = "p0907_sum_of_subarray_minimums"
version = "0.1.0"

[[package]]
name = "p0908_smallest_range_i"
version = "0.1.0"

[[package]]
name = "p0909_snakes_and_ladders"
version = "0.1.0"

[[package]]
name = "p0911_online_election"
version = "0.1.0"

[[package]]
name = "p0912_sort_an_array"
version = "0.1.0"

[[package]]
name = "p0914_x_of_a_kind_in_a_deck_of_cards"
version = "0.1.0"

[[package]]
name = "p0917_reverse_only_letters"
version = "0.1.0"

[[package]]
name = "p0918_maximum_sum_circular_subarray"
version = "0.1.0"

[[package]]
name = "p0919_complete_binary_tree_inserter"
version = "0.1.0"

[[package]]
name = "p0921_minimum_add_to_make_parantheses_valid"
version = "0.1.0"

[[package]]
name = "p0922_sort_array_by_parity_ii"
version = "0.1.0"

[[package]]
name = "p0925_long_pressed_name"
version = "0.1.0"

[[package]]
name = "p0929_unique_email_addresses"
version = "0.1.0"

[[package]]
name = "p0930_binary_subarray_with_sum"
version = "0.1.0"

[[package]]
name = "p0931_minimum_falling_path_sum"
version = "0.1.0"

[[package]]
name = "p0934_shortest_bridge"
version = "0.1.0"

[[package]]
name = "p0935_knight_dialer"
version = "0.1.0"

[[package]]
name = "p0937_reorder_data_in_log_files"
version = "0.1.0"

[[package]]
name = "p0939_minimum_area_rectangle"
version = "0.1.0"

[[package]]
name = "p0942_di_string_match"
version = "0.1.0"

[[package]]
name = "p0944_delete_columns_to_make_sorted"
version = "0.1.0"

[[package]]
name = "p0945_minimum_increment_to_make_array_unique"
version = "0.1.0"

[[package]]
name = "p0947_most_stones_romoved_with_same_row_or_column"
version = "0.1.0"

[[package]]
name = "p0950_reveal_cards_in_increasing_order"
version = "0.1.0"

[[package]]
name = "p0951_flip_equivalent_binary_trees"
version = "0.1.0"

[[package]]
name = "p0955_delete_columns_to_make_sorted_ii"
version = "0.1.0"

[[package]]
name = "p0957_prison_cells_after_n_days"
version = "0.1.0"

[[package]]
name = "p0958_check_cmpleteness_of_a_binary_tree"
version = "0.1.0"

[[package]]
name = "p0959_reginons_cut_by_slases"
version = "0.1.0"

[[package]]
name = "p0961_n_repeated_element_in_size_2n_array"
version = "0.1.0"

[[package]]
name = "p0962_maximum_width_ramp"
version = "0.1.0"

[[package]]
name = "p0963_minimum_area_rectangle_ii"
version = "0.1.0"

[[package]]
name = "p0965_univalued_binary_tree"
version = "0.1.0"

[[package]]
name = "p0973_k_closest_points_to_origin"
version = "0.1.0"

[[package]]
name = "p0974_subarray_sums_divisible_by_k"
version = "0.1.0"

[[package]]
name = "p0976_largest_perimeter_triangle"
version = "0.1.0"

[[package]]
name = "p0979_distributed_coins_in_binary_tree"
version = "0.1.0"

[[package]]
name = "p0980_unique_paths_iii"
version = "0.1.0"

[[package]]
name = "p0981_time_based_key_value_store"
version = "0.1.0"

[[package]]
name = "p0984_string_without_aaa_or_bbb"
version = "0.1.0"

[[package]]
name = "p0985_sum_of_even_numbers_after_queries"
version = "0.1.0"

[[package]]
name = "p0986_interval_list_intersections"
version = "0.1.0"

[[package]]
name = "p0988_smallest_string_from_leaf"
version = "0.1.0"

[[package]]
name = "p0989_add_to_array_form_of_integer"
version = "0.1.0"

[[package]]
name = "p0990_satisfiability_of_equality_equations"
version = "0.1.0"

[[package]]
name = "p0993_cousins_in_binary_tree"
version = "0.1.0"

[[package]]
name = "p0997_find_the_town_judge"
version = "0.1.0"

[[package]]
name = "p0998_maximum_binary_tree_ii"
version = "0.1.0"

[[package]]
name = "p0999_available_captures_for_rook"
version = "0.1.0"

[[package]]
name = "p1002_find_common_characters"
version = "0.1.0"

[[package]]
name = "p1003_check_if_word_is_a_valid_after_substitutions"
version = "0.1.0"

[[package]]
name = "p1005_maximize_sum_of_array_after_k_negations"
version = "0.1.0"

[[package]]
name = "p1006_clumsy_factorial"
version = "0.1.0"

[[package]]
name = "p1008_construct_binary_search_tree_from_preorder_traversal"
version = "0.1.0"

[[package]]
name = "p1011_capacity_to_ship_packages_within_d_days"
version = "0.1.0"

[[package]]
name = "p1013_partition_array_into_three_parts_with_equal_sum"
version = "0.1.0"

[[package]]
name = "p1014_best_sightseeing_pair"
version = "0.1.0"

[[package]]
name = "p1016_binary_string_with_substrings_representing_1_to_n"
version = "0.1.0"

[[package]]
name = "p1017_convert_to_base_minus_2"
version = "0.1.0"

[[package]]
name = "p1018_binary_prefix_divisible_by_5"
version = "0.1.0"

[[package]]
name = "p1019_next_greater_node_in_linked_list"
version = "0.1.0"

[[package]]
name = "p1020_number_of_enclaves"
version = "0.1.0"

[[package]]
name = "p1021_remove_outermost_parenthese"
version = "0.1.0"

[[package]]
name = "p1023_camelcase_matching"
version = "0.1.0"

[[package]]
name = "p1024_video_stiching"
version = "0.1.0"

[[package]]
name = "p1025_divisor_game"
version = "0.1.0"

[[package]]
name = "p1027_longest_arithmetic_subsequence"
version = "0.1.0"

[[package]]
name = "p1029_two_city_scheduling"
version = "0.1.0"

[[package]]
name = "p1030_matrix_cells_in_distance_order"
version = "0.1.0"

[[package]]
name = "p1031_maximum_sum_of_two_non_overlapping_subarrays"
version = "0.1.0"

[[package]]
name = "p1033_moving_stones_until_consecutive"
version = "0.1.0"

[[package]]
name = "p1034_coloring_a_border"
version = "0.1.0"

[[package]]
name = "p1035_unclosed_lines"
version = "0.1.0"

[[package]]
name = "p1037_valid_boomerang"
version = "0.1.0"

[[package]]
name = "p1038_binary_search_tree_to_greater_sum_tree"
version = "0.1.0"

[[package]]
name = "p1039_minimum_score_triangulation_of_polygon"
version = "0.1.0"

[[package]]
name = "p1042_flower_planting_with_no_adjacent"
version = "0.1.0"

[[package]]
name = "p1043_parition_array_for_maximum_sum"
version = "0.1.0"

[[package]]
name = "p1044_longest_duplicate_substring"
version = "0.1.0"

[[package]]
name = "p1046_last_stone_weight"
version = "0.1.0"

[[package]]
name = "p1049_last_stone_weight_ii"
version = "0.1.0"

[[package]]
name = "p1051_height_checker"
version = "0.1.0"

[[package]]
name = "p1052_grumpy_bookstore_owner"
version = "0.1.0"

[[package]]
name = "p1053_previous_permutations_with_one_swap"
version = "0.1.0"

[[package]]
name = "p1054_distant_barcodes"
version = "0.1.0"

[[package]]
name = "p1071_greatest_common_divisor_of_strings"
version = "0.1.0"

[[package]]
name = "p1072_flip_columns_for_maximum_number_of_equal_rows"
version = "0.1.0"

[[package]]
name = "p1078_occurrences_after_bigram"
version = "0.1.0"

[[package]]
name = "p1079_letter_tile_possibilities"
version = "0.1.0"

[[package]]
name = "p1080_insufficient_nodes_in_root_to_leaf_paths"
version = "0.1.0"

[[package]]
name = "p1081_smallest_subsequences_of_distinct_characters"
version = "0.1.0"

[[package]]
name = "p1089_duplicate_zeros"
version = "0.1.0"

[[package]]
name = "p1090_largest_values_from_labels"
version = "0.1.0"

[[package]]
name = "p1093_statistics_from_a_large_sample"
version = "0.1.0"

[[package]]
name = "p1104_path_in_zigzag_labelled_binary_tree"
version = "0.1.0"

[[package]]
name = "p1105_filling_bookcase_shelves"
version = "0.1.0"

[[package]]
name = "p1108_defanging_an_ip_address"
version = "0.1.0"

[[package]]
name = "p1109_corporate_flight_bookings"
version = "0.1.0"

[[package]]
name = "p1110_delete_nodes_and_return_forest"
version = "0.1.0"

[[package]]
name = "p1122_relative_sort_array"
version = "0.1.0"

[[package]]
name = "p1124_longest_well_performing_interval"
version = "0.1.0"

[[package]]
name = "p1128_number_of_equivalent_domino_pairs"
version = "0.1.0"

[[package]]
name = "p1129_shortest_path_with_alternating_colors"
version = "0.1.0"

[[package]]
name = "p1138_alphabet_board_path"
version = "0.1.0"

[[package]]
name = "p1139_largest_1_bordered_square"
version = "0.1.0"

[[package]]
name = "p1143_longest_common_subsequence"
version = "0.1.0"

[[package]]
name = "p1144_decrease_elements_to_make_array_zigzag"
version = "0.1.0"

[[package]]
name = "p1145_binary_tree_coloring_game"
version = "0.1.0"

[[package]]
name = "p1154_day_of_the_year"
version = "0.1.0"

[[package]]
name = "p1155_number_of_dice_rolls_with_target_sum"
version = "0.1.0"

[[package]]
name = "p1160_find_words_that_can_be_formed_by_characters"
version = "0.1.0"

[[package]]
name = "p1161_maximum_level_sum_of_a_binary_tree"
version = "0.1.0"

[[package]]
name = "p1162_as_far_from_land_as_possible"
version = "0.1.0"

[[package]]
name = "p1169_invalid_transactions"
version = "0.1.0"

[[package]]
name = "p1170_compare_strings_by_frequency_of_the_smallest_character"
version = "0.1.0"

[[package]]
name = "p1171_remove_zero_sum_consecutive_nodes_from_linked_list"
version = "0.1.0"

[[package]]
name = "p1175_prime_arragements"
version = "0.1.0"

[[package]]
name = "p1177_can_make_palindrome_from_substring"
version = "0.1.0"

[[package]]
name = "p1178_number_of_valid_words_for_each_puzzle"
version = "0.1.0"

[[package]]
name = "p1184_distance_between_bus_stops"
version = "0.1.0"

[[package]]
name = "p1185_day_of_the_week"
version = "0.1.0"

[[package]]
name = "p1186_maximum_subarray_sum_with_one_deletion"
version = "0.1.0"

[[package]]
name = "p1190_reverse_substrings_between_each_pair_of_parentheses"
version = "0.1.0"

[[package]]
name = "p1191_k_concatnation_maximum_sum"
version = "0.1.0"

[[package]]
name = "p1200_minimum_absolute_difference"
version = "0.1.0"

[[package]]
name = "p1201_ugly_number_iii"
version = "0.1.0"

[[package]]
name = "p1202_smallest_string_with_swaps"
version = "0.1.0"

[[package]]
name = "p1207_unique_number_of_occurences"
version = "0.1.0"

[[package]]
name = "p1208_get_equal_substrings_within_budget"
version = "0.1.0"

[[package]]
name = "p1219_longest_arithmeric_subsequence_of_given_difference"
version = "0.1.0"

[[package]]
name = "p1219_path_wigh_maximum_gold"
version = "0.1.0"

[[package]]
name = "p1221_split_a_string_in_balanced_strings"
version = "0.1.0"

[[package]]
name = "p1222_queens_that_can_attack_the_king"
version = "0.1.0"

[[package]]
name = "p1227_ariplane_seat_assignment_probability"
version = "0.1.0"

[[package]]
name = "p1232_check_if_it_is_a_straight_line"
version = "0.1.0"

[[package]]
name = "p1233_remove_sub_folders_from_the_filesystem"
version = "0.1.0"

[[package]]
name = "p1234_replace_the_substring_for_balanced_string"
version = "0.1.0"

[[package]]
name = "p1237_find_positive_integer_solution_for_a_given_equation"
version = "0.1.0"

[[package]]
name = "p1238_circular_permutation_in_binary_representation"
version = "0.1.0"

[[package]]
name = "p1247_minimum_swaps_to_make_strings_equal"
version = "0.1.0"

[[package]]
name = "p1248_count_number_of_nice_subarrays"
version = "0.1.0"

[[package]]
name = "p1252_cells_with_odd_values_in_a_matrix"
version = "0.1.0"

[[package]]
name = "p1253_reconstruct_a_2_row_binary_matrix"
version = "0.1.0"

[[package]]
name = "p1254_number_of_closed_islands"
version = "0.1.0"

[[package]]
name = "p1260_shift_2d_grid"
version = "0.1.0"

[[package]]
name = "p1261_find_elements_in_a_contaminated_binary_tree"
version = "0.1.0"

[[package]]
name = "p1262_greatest_sum_divisible_by_three"
version = "0.1.0"

[[package]]
name = "p1266_minimum_time_visiting_all_points"
version = "0.1.0"

[[package]]
name = "p1267_count_servers_that_communicate"
version = "0.1.0"

[[package]]
name = "p1276_number_of_burgers_with_no_waste_of_ingredients"
version = "0.1.0"

[[package]]
name = "p1277_count_square_submatices_with_all_ones"
version = "0.1.0"

[[package]]
name = "p1281_subtract_the_product_and_sum_of_digits_of_an_integer"
version = "0.1.0"

[[package]]
name = "p1282_group_the_people_given_the_group_size_they_belong_to"
version = "0.1.0"

[[package]]
name = "p1287_element_appearing_more_than_25_percent_in_sorted_array"
version = "0.1.0"

[[package]]
name = "p1292_maximum_side_length_of_a_square_with_sum_less_than_or_equal_to_threshold"
version = "0.1.0"

[[package]]
name = "p1295_find_numbers_with_even_number_of_digits"
version = "0.1.0"

[[package]]
name = "p1296_divide_array_in_sets_of_k_consevutive_numbers"
version = "0.1.0"

[[package]]
name = "p1297_maximum_number_of_occurences_of_a_substring"
version = "0.1.0"

[[package]]
name = "p1299_replace_elements_with_greatest_element_on_right_side"
version = "0.1.0"

[[package]]
name = "p1304_find_n_unique_integers_sum_up_to_zero"
version = "0.1.0"

[[package]]
name = "p1309_decrypt_string_from_alphabet_to_integer_mapping"
version = "0.1.0"

[[package]]
name = "p1310_xor_queries_of_a_subarray"
version = "0.1.0"

[[package]]
name = "p1311_get_watched_videos_by_your_friends"
version = "0.1.0"

[[package]]
name = "p1313_decomporess_run_length_encoded_list"
version = "0.1.0"

[[package]]
name = "p1314_matrix_block_sum"
version = "0.1.0"

[[package]]
name = "p1315_sum_of_nodes_with_even_valued_grandparent"
version = "0.1.0"

[[package]]
name = "p1317_converte_integer_to_the_sum_of_two_no_zero_integers"
version = "0.1.0"

[[package]]
name = "p1318_minimum_flips_to_make_a_or_b_equal_to_c"
version = "0.1.0"

[[package]]
name = "p1319_number_of_operations_to_make_network_connected"
version = "0.1.0"

[[package]]
name = "p1323_maximum_69_number"
version = "0.1.0"

[[package]]
name = "p1324_print_words_vertically"
version = "0.1.0"

[[package]]
name = "p1325_delete_leaves_with_a_given_value"
version = "0.1.0"

[[package]]
name = "p1331_rank_transform_of_an_array"
version = "0.1.0"

[[package]]
name = "p1333_filter_restaurants_by_vegan_friendly_price_and_distance"
version = "0.1.0"

[[package]]
name = "p1334_find_the_city_with_the_smallest_number_of_neighbors_at_a_threshold_distance"
version = "0.1.0"

[[package]]
name = "p1343_number_of_sub_arrays_of_size_k_and_average_greater_than_or_qeual_to_threshold"
version = "0.1.0"

[[package]]
name = "p1344_angle_between_hands_of_a_clock"
version = "0.1.0"

[[package]]
name = "p1345_jump_game_iv"
version = "0.1.0"

[[package]]
name = "p1346_check_if_n_and_its_double_exist"
version = "0.1.0"

[[package]]
name = "p1347_minimum_number_of_steps_to_make_two_strings_anagram"
version = "0.1.0"

[[package]]
name = "p1348_tweet_per_frequency"
version = "0.1.0"

[[package]]
name = "p1351_count_negative_numbers_in_a_sorted_matrix"
version = "0.1.0"

[[package]]
name = "p1352_product_of_last_k_numbers"
version = "0.1.0"

[[package]]
name = "p1353_maximum_number_of_events_that_can_be_attended"
version = "0.1.0"

[[package]]
name = "p1356_sort_integers_by_the_number_of_1_bits"
version = "0.1.0"

[[package]]
name = "p1357_apply_discount_every_n_orders"
version = "0.1.0"

[[package]]
name = "p1358_number_of_substrings_containing_all_three_characters"
version = "0.1.0"

[[package]]
name = "p1359_count_all_valid_pickup_and_delivery_options"
version = "0.1.0"

[[package]]
name = "p1360_number_of_days_between_two_dates"
version = "0.1.0"

[[package]]
name = "p1361_validate_binary_tree_nodes"
version = "0.1.0"

[[package]]
name = "p1362_closest_divisors"
version = "0.1.0"

[[package]]
name = "p1365_how_many_numbers_are_smaller_than_the_current_number"
version = "0.1.0"

[[package]]
name = "p1366_rank_team_by_votes"
version = "0.1.0"

[[package]]
name = "p1367_linked_list_in_binary_tree"
version = "0.1.0"

[[package]]
name = "p1370_increasing_decreasing_string"
version = "0.1.0"

[[package]]
name = "p1371_find_the_longest_substring_containing_vowels_in_even_counts"
version = "0.1.0"

[[package]]
name = "p1372_longest_zigzag_path_in_a_binary_tree"
version = "0.1.0"

[[package]]
name = "p1374_generate_a_string_with_characters_that_have_odd_counts"
version = "0.1.0"

[[package]]
name = "p1375_number_of_times_binary_string_is_prefix_aligned"
version = "0.1.0"

[[package]]
name = "p1376_time_needed_to_inform_all_employees"
version = "0.1.0"

[[package]]
name = "p1380_lucky_number_in_a_matrix"
version = "0.1.0"

[[package]]
name = "p1381_design_a_stack_with_increment_operation"
version = "0.1.0"

[[package]]
name = "p1382_balance_a_binary_search_tree"
version = "0.1.0"

[[package]]
name = "p1385_find_the_distance_value_between_two_arrays"
version = "0.1.0"

[[package]]
name = "p1386_cinema_seat_allocation"
version = "0.1.0"

[[package]]
name = "p1387_sort_integers_by_the_power_value"
version = "0.1.0"

[[package]]
name = "p1389_create_target_array_in_the_given_order"
version = "0.1.0"

[[package]]
name = "p1390_four_divisors"
version = "0.1.0"

[[package]]
name = "p1391_check_if_there_is_a_valid_path_in_a_grid"
version = "0.1.0"

[[package]]
name = "p1394_find_lucky_integer_in_an_array"
version = "0.1.0"

[[package]]
name = "p1395_count_number_of_teams"
version = "0.1.0"

[[package]]
name = "p1399_count_largest_group"
version = "0.1.0"

[[package]]
name = "p1400_construct_k_palindrome_strings"
version = "0.1.0"

[[package]]
name = "p1403_minimum_subsequence_in_non_increasing_order"
version = "0.1.0"

[[package]]
name = "p1404_number_of_steps_to_reduce_a_number_in_binary_representation_to_one"
version = "0.1.0"

[[package]]
name = "p1405_longest_happy_string"
version = "0.1.0"

[[package]]
name = "p1408_string_matching_in_an_array"
version = "0.1.0"

[[package]]
name = "p1409_queries_on_a_permutation_with_key"
version = "0.1.0"

[[package]]
name = "p1410_html_entity_parser"
version = "0.1.0"

[[package]]
name = "p1413_minimum_value_to_get_positive_step_by_step_sum"
version = "0.1.0"

[[package]]
name = "p1414_find_the_minimum_number_of_fibonacci_numbers_whose_sum_is_k"
version = "0.1.0"

[[package]]
name = "p1415_the_k_th_lexicographical_string_of_all_happy_strings_of_length_n"
version = "0.1.0"

[[package]]
name = "p1417_reformat_the_string"
version = "0.1.0"

[[package]]
name = "p1418_display_table_of_food_orders_in_a_restaurant"
version = "0.1.0"

[[package]]
name = "p1419_minimum_number_of_frogs_croaking"
version = "0.1.0"

[[package]]
name = "p1422_maximum_score_after_splitting_a_string"
version = "0.1.0"

[[package]]
name = "p1424_diagonal_traverse_ii"
version = "0.1.0"

[[package]]
name = "p1431_kids_with_the_greatest_number_of_candies"
version = "0.1.0"

[[package]]
name = "p1432_max_difference_you_can_get_from_changing_an_integer"
version = "0.1.0"

[[package]]
name = "p1433_check_if_a_string_can_break_another_string"
version = "0.1.0"

[[package]]
name = "p1436_destination_city"
version = "0.1.0"

[[package]]
name = "p1441_build_an_array_with_stack_operation"
version = "0.1.0"

[[package]]
name = "p1442_count_triples_that_can_from_two_arrays_of_equal_xor"
version = "0.1.0"

[[package]]
name = "p1443_minimum_time_to_collect_all_apples_in_a_tree"
version = "0.1.0"

[[package]]
name = "p1447_simplified_fractions"
version = "0.1.0"

[[package]]
name = "p1450_number_of_students_doing_homework_at_a_given_time"
version = "0.1.0"

[[package]]
name = "p1451_rearrange_words_in_a_sentence"
version = "0.1.0"

[[package]]
name = "p1452_people_whose_list_of_favvorite_companies_is_not_a_subset_of_another_list"
version = "0.1.0"

[[package]]
name = "p1455_check_if_a_word_occurs_as_a_prefix_of_any_word_in_a_sentence"
version = "0.1.0"

[[package]]
name = "p1456_maximum_number_of_vowels_in_a_substring_of_given_length"
version = "0.1.0"

[[package]]
name = "p1460_make_two_arrays_equal_by_reversing_sub_arrays"
version = "0.1.0"

[[package]]
name = "p1462_course_schedule_iv"
version = "0.1.0"

[[package]]
name = "p1464_maximum_product_of_two_element_in_an_array"
version = "0.1.0"

[[package]]
name = "p1466_reorder_routes_to_make_all_paths_load_to_the_city_zero"
version = "0.1.0"

[[package]]
name = "p1470_shuffle_the_array"
version = "0.1.0"

[[package]]
name = "p1471_the_k_strongest_values_in_an_array"
version = "0.1.0"

[[package]]
name = "p1472_design_browser_history"
version = "0.1.0"

[[package]]
name = "p1475_final_prices_with_a_special_discount_in_a_shop"
version = "0.1.0"

[[package]]
name = "p1476_subrectabgle_queries"
version = "0.1.0"

[[package]]
name = "p1477_find_two_non_overlapping_sub_arrays_each_with_target_sum"
version = "0.1.0"

[[package]]
name = "p1481_least_number_of_unique_integers_after_k_removals"
version = "0.1.0"

[[package]]
name = "p1482_minimum_number_of_days_to_make_m_bouquets"
version = "0.1.0"

[[package]]
name = "p1584_min_cost_connect_all_points"
version = "0.1.0"

[[package]]
name = "p1672_richest_customer_wealth"
version = "0.1.0"

[[package]]
name = "ppv-lite86"
version = "0.2.10"
source = "registry+https://github.com/rust-lang/crates.io-index"
checksum = "ac74c624d6b2d21f425f752262f42188365d7b8ff1aff74c82e45136510a4857"

[[package]]
name = "problems"
version = "0.1.0"
dependencies = [
 "rand",
]

[[package]]
name = "rand"
version = "0.7.3"
source = "registry+https://github.com/rust-lang/crates.io-index"
checksum = "6a6b1679d49b24bbfe0c803429aa1874472f50d9b363131f0e89fc356b544d03"
dependencies = [
 "getrandom",
 "libc",
 "rand_chacha",
 "rand_core",
 "rand_hc",
]

[[package]]
name = "rand_chacha"
version = "0.2.2"
source = "registry+https://github.com/rust-lang/crates.io-index"
checksum = "f4c8ed856279c9737206bf725bf36935d8666ead7aa69b52be55af369d193402"
dependencies = [
 "ppv-lite86",
 "rand_core",
]

[[package]]
name = "rand_core"
version = "0.5.1"
source = "registry+https://github.com/rust-lang/crates.io-index"
checksum = "90bde5296fc891b0cef12a6d03ddccc162ce7b2aff54160af9338f8d40df6d19"
dependencies = [
 "getrandom",
]

[[package]]
name = "rand_hc"
version = "0.2.0"
source = "registry+https://github.com/rust-lang/crates.io-index"
checksum = "ca3129af7b92a17112d59ad498c6f81eaf463253766b90396d39ea7a39d6613c"
dependencies = [
 "rand_core",
]

[[package]]
name = "september_leetcoding_challenge"
version = "0.1.0"

[[package]]
name = "wasi"
version = "0.9.0+wasi-snapshot-preview1"
source = "registry+https://github.com/rust-lang/crates.io-index"
checksum = "cccddf32554fecc6acb585f82a32a72e28b48f8c4c1883ddfeeeaa96f7d8e519"
