# This file is automatically @generated by Cargo.
# It is not intended for manual editing.
[[package]]
name = "august_leetcoding_challenge"
version = "0.1.0"
dependencies = [
 "rand 0.7.3 (registry+https://github.com/rust-lang/crates.io-index)",
]

[[package]]
name = "cfg-if"
version = "0.1.10"
source = "registry+https://github.com/rust-lang/crates.io-index"

[[package]]
name = "day02_trim_a_binary_search_tree"
version = "0.1.0"

[[package]]
name = "day06_short_encoding_of_words"
version = "0.1.0"

[[package]]
name = "day07_shortest_distance_to_character"
version = "0.1.0"

[[package]]
name = "day08_remove_palindromic_subsequences"
version = "0.1.0"

[[package]]
name = "day12_check_if_a_string_contains_all_binary_codes_of_size_k"
version = "0.1.0"

[[package]]
name = "day12_number_of_steps_to_reduce_a_number_to_zero"
version = "0.1.0"

[[package]]
name = "day13_binary_trees_with_factors"
version = "0.1.0"

[[package]]
name = "day13_shortest_path_in_binary_matrix"
version = "0.1.0"

[[package]]
name = "day14_is_graph_bipartite"
version = "0.1.0"

[[package]]
name = "day14_swapping_nodes_in_a_linked_list"
version = "0.1.0"

[[package]]
name = "day15_the_k_th_weakest_rows_in_a_matrix"
version = "0.1.0"

[[package]]
name = "day16_letter_case_permutation"
version = "0.1.0"

[[package]]
name = "day19_keys_and_rooms"
version = "0.1.0"

[[package]]
name = "day19_minimum_remove_to_make_valid_parentheses"
version = "0.1.0"

[[package]]
name = "day20_design_underground_system"
version = "0.1.0"

[[package]]
name = "day21_broken_calculator"
version = "0.1.0"

[[package]]
name = "day21_reordered_power_of_2"
version = "0.1.0"

[[package]]
name = "day22_vowel_spellchecker"
version = "0.1.0"

[[package]]
name = "day23_3sum_with_multiplicity"
version = "0.1.0"

[[package]]
name = "day24_advantage_shuffle"
version = "0.1.0"

[[package]]
name = "day24_score_of_parentheses"
version = "0.1.0"

[[package]]
name = "day26_validate_stack_sequences"
version = "0.1.0"

[[package]]
name = "day26_word_subsets"
version = "0.1.0"

[[package]]
name = "day28_maximum_frequency_stack"
version = "0.1.0"

[[package]]
name = "day29_flip_binary_tree_to_match_preorder_traversal"
version = "0.1.0"

[[package]]
name = "december_leetcoding_challenge"
version = "0.1.0"
dependencies = [
 "rand 0.7.3 (registry+https://github.com/rust-lang/crates.io-index)",
]

[[package]]
name = "getrandom"
version = "0.1.15"
source = "registry+https://github.com/rust-lang/crates.io-index"
dependencies = [
 "cfg-if 0.1.10 (registry+https://github.com/rust-lang/crates.io-index)",
 "libc 0.2.80 (registry+https://github.com/rust-lang/crates.io-index)",
 "wasi 0.9.0+wasi-snapshot-preview1 (registry+https://github.com/rust-lang/crates.io-index)",
]

[[package]]
name = "january_leetcoding_challenge"
version = "0.1.0"

[[package]]
name = "libc"
version = "0.2.80"
source = "registry+https://github.com/rust-lang/crates.io-index"

[[package]]
name = "november_leetcoding_challenge"
version = "0.1.0"
dependencies = [
 "rand 0.7.3 (registry+https://github.com/rust-lang/crates.io-index)",
]

[[package]]
name = "october_leetcoding_challenge"
version = "0.1.0"
dependencies = [
 "rand 0.7.3 (registry+https://github.com/rust-lang/crates.io-index)",
]

[[package]]
name = "p0463_island_perimeter"
version = "0.1.0"

[[package]]
name = "p0464_can_i_win"
version = "0.1.0"

[[package]]
name = "p0467_unique_substrings_in_wraparound_string"
version = "0.1.0"

[[package]]
name = "p0468_validate_ip_address"
version = "0.1.0"

[[package]]
name = "p0473_matchsticks_to_square"
version = "0.1.0"

[[package]]
name = "p0474_ones_and_zeros"
version = "0.1.0"

[[package]]
name = "p0475_heaters"
version = "0.1.0"

[[package]]
name = "p0476_number_complement"
version = "0.1.0"

[[package]]
name = "p0477_total_hamming_distance"
version = "0.1.0"

[[package]]
name = "p0478_generate_random_point_in_a_circle"
version = "0.1.0"
dependencies = [
 "rand 0.7.3 (registry+https://github.com/rust-lang/crates.io-index)",
]

[[package]]
name = "p0481_magical_string"
version = "0.1.0"

[[package]]
name = "p0482_license_key_formatting"
version = "0.1.0"

[[package]]
name = "p0485_max_consecutive_ones"
version = "0.1.0"

[[package]]
name = "p0486_predict_the_winner"
version = "0.1.0"

[[package]]
name = "p0491_increasing_subsequence"
version = "0.1.0"

[[package]]
name = "p0492_construct_the_rectangle"
version = "0.1.0"

[[package]]
name = "p0494_target_sum"
version = "0.1.0"

[[package]]
name = "p0496_next_greater_element_i"
version = "0.1.0"

[[package]]
name = "p0500_keyboard_row"
version = "0.1.0"

[[package]]
name = "p0501_find_mode_in_binary_search_tree"
version = "0.1.0"

[[package]]
name = "p0503_next_greater_element_ii"
version = "0.1.0"

[[package]]
name = "p0504_base_7"
version = "0.1.0"

[[package]]
name = "p0506_relative_ranks"
version = "0.1.0"

[[package]]
name = "p0507_perfect_number"
version = "0.1.0"

[[package]]
name = "p0508_most_frequent_subtree_sum"
version = "0.1.0"

[[package]]
name = "p0509_fibonacci_number"
version = "0.1.0"

[[package]]
name = "p0512_longest_uncommon_subsequence_ii"
version = "0.1.0"

[[package]]
name = "p0513_find_bottom_left_tree_value"
version = "0.1.0"

[[package]]
name = "p0515_find_largest_value_in_each_row"
version = "0.1.0"

[[package]]
name = "p0516_longest_palindromic_subsequence"
version = "0.1.0"

[[package]]
name = "p0518_coin_change_2"
version = "0.1.0"

[[package]]
name = "p0519_random_flip_matrix"
version = "0.1.0"
dependencies = [
 "rand 0.7.3 (registry+https://github.com/rust-lang/crates.io-index)",
]

[[package]]
name = "p0521_longest_uncommon_subsequence_i"
version = "0.1.0"

[[package]]
name = "p0523_cotinuous_subarray_sum"
version = "0.1.0"

[[package]]
name = "p0524_longest_word_in_dictionary_through_deleting"
version = "0.1.0"

[[package]]
name = "p0525_contiguous_array"
version = "0.1.0"

[[package]]
name = "p0528_random_pick_with_weight"
version = "0.1.0"
dependencies = [
 "rand 0.7.3 (registry+https://github.com/rust-lang/crates.io-index)",
]

[[package]]
name = "p0529_minesweeper"
version = "0.1.0"

[[package]]
name = "p0530_minimum_absolute_difference_in_bst"
version = "0.1.0"

[[package]]
name = "p0535_encode_and_decode_tiny_url"
version = "0.1.0"
dependencies = [
 "rand 0.7.3 (registry+https://github.com/rust-lang/crates.io-index)",
]

[[package]]
name = "p0537_complex_number_multiplication"
version = "0.1.0"

[[package]]
name = "p0538_convert_bst_to_greater_tree"
version = "0.1.0"

[[package]]
name = "p0539_minimum_time_difference"
version = "0.1.0"

[[package]]
name = "p0540_single_emenet_in_a_sorted_array"
version = "0.1.0"

[[package]]
name = "p0541_reverse_string_ii"
version = "0.1.0"

[[package]]
name = "p0542_01_matrix"
version = "0.1.0"

[[package]]
name = "p0543_diameter_of_binary_tree"
version = "0.1.0"

[[package]]
name = "p0547_number_of_provinces"
version = "0.1.0"

[[package]]
name = "p0551_student_attendance_record_i"
version = "0.1.0"

[[package]]
name = "p0553_optimal_division"
version = "0.1.0"

[[package]]
name = "p0554_brick_wall"
version = "0.1.0"

[[package]]
name = "p0557_reverse_words_in_a_string_iii"
version = "0.1.0"

[[package]]
name = "p0560_subarray_sum_equals_k"
version = "0.1.0"

[[package]]
name = "p0561_array_partition_i"
version = "0.1.0"

[[package]]
name = "p0565_array_nesting"
version = "0.1.0"

[[package]]
name = "p0566_reshape_the_matrix"
version = "0.1.0"

[[package]]
name = "p0567_permutation_in_string"
version = "0.1.0"

[[package]]
name = "p0572_subtree_of_another_tree"
version = "0.1.0"

[[package]]
name = "p0575_distribute_candies"
version = "0.1.0"

[[package]]
name = "p0576_out_of_boundary_paths"
version = "0.1.0"

[[package]]
name = "p0581_shortest_unsorted_continuous_subarray"
version = "0.1.0"

[[package]]
name = "p0583_delete_operation_for_two_strings"
version = "0.1.0"

[[package]]
name = "p0592_fraction_addition_and_subtraction"
version = "0.1.0"

[[package]]
name = "p0594_longest_harmonious_subsequence"
version = "0.1.0"

[[package]]
name = "p0598_range_addition_ii"
version = "0.1.0"

[[package]]
name = "p0599_minimum_index_sum_of_two_lists"
version = "0.1.0"

[[package]]
name = "p0606_construct_string_from_binary_tree"
version = "0.1.0"

[[package]]
name = "p0609_find_duplicate_file_in_system"
version = "0.1.0"

[[package]]
name = "p0611_valid_triangle_number"
version = "0.1.0"

[[package]]
name = "p0617_merge_two_binary_trees"
version = "0.1.0"

[[package]]
name = "p0621_task_scheduler"
version = "0.1.0"

[[package]]
name = "p0622_design_circular_queue"
version = "0.1.0"

[[package]]
name = "p0623_add_one_row_to_tree"
version = "0.1.0"

[[package]]
name = "p0628_maximum_product_of_three_numbers"
version = "0.1.0"

[[package]]
name = "p0633_sum_of_square_numbers"
version = "0.1.0"

[[package]]
name = "p0636_exclusive_time_of_functions"
version = "0.1.0"

[[package]]
name = "p0637_average_of_levels_in_binary_tree"
version = "0.1.0"

[[package]]
name = "p0638_shopping_offers"
version = "0.1.0"

[[package]]
name = "p0640_solve_the_equation"
version = "0.1.0"

[[package]]
name = "p0641_design_circular_deque"
version = "0.1.0"

[[package]]
name = "p0643_maximum_average_subarray_i"
version = "0.1.0"

[[package]]
name = "p0645_set_mismatch"
version = "0.1.0"

[[package]]
name = "p0646_maximum_length_of_pair_chain"
version = "0.1.0"

[[package]]
name = "p0647_palindromic_substrings"
version = "0.1.0"

[[package]]
name = "p0648_replace_words"
version = "0.1.0"

[[package]]
name = "p0649_dota2_senate"
version = "0.1.0"

[[package]]
name = "p0650_2_keys_keyboard"
version = "0.1.0"

[[package]]
name = "p0652_find_duplicate_subtrees"
version = "0.1.0"

[[package]]
name = "p0653_two_sum_iv_input_is_a_bst"
version = "0.1.0"

[[package]]
name = "p0654_maximum_binary_tree"
version = "0.1.0"

[[package]]
name = "p0655_print_binary_tree"
version = "0.1.0"

[[package]]
name = "p0657_robot_return_to_origin"
version = "0.1.0"

[[package]]
name = "p0658_find_k_closest_elements"
version = "0.1.0"

[[package]]
name = "p0659_split_array_into_consecutive_subsequences"
version = "0.1.0"

[[package]]
name = "p0661_image_smoother"
version = "0.1.0"

[[package]]
name = "p0662_maximum_witdh_of_binery_tree"
version = "0.1.0"

[[package]]
name = "p0665_non_decreasing_array"
version = "0.1.0"

[[package]]
name = "p0667_beautiful_arrangement_ii"
version = "0.1.0"

[[package]]
name = "p0670_maximum_swap"
version = "0.1.0"

[[package]]
name = "p0671_second_minimum_node_in_a_binary_tree"
version = "0.1.0"

[[package]]
name = "p0672_bulb_switcher_ii"
version = "0.1.0"

[[package]]
name = "p0674_longest_continuouts_increasing_subsequence"
version = "0.1.0"

[[package]]
name = "p0676_implement_magic_dictionary"
version = "0.1.0"

[[package]]
name = "p0677_map_sum_pairs"
version = "0.1.0"

[[package]]
name = "p0678_valid_parenthesis_string"
version = "0.1.0"

[[package]]
name = "p0680_valid_palindrome_ii"
version = "0.1.0"

[[package]]
name = "p0682_baseball_game"
version = "0.1.0"

[[package]]
name = "p0684_redundant_connection"
version = "0.1.0"

[[package]]
name = "p0686_repeated_string_match"
version = "0.1.0"

[[package]]
name = "p0687_longest_univalue_path"
version = "0.1.0"

[[package]]
name = "p0688_knight_probability_in_chessboard"
version = "0.1.0"

[[package]]
name = "p0692_top_k_frequent_words"
version = "0.1.0"

[[package]]
name = "p0693_binary_number_with_altenating_bits"
version = "0.1.0"

[[package]]
name = "p0695_max_area_of_island"
version = "0.1.0"

[[package]]
name = "p0696_count_binary_substrings"
version = "0.1.0"

[[package]]
name = "p0697_degree_of_an_array"
version = "0.1.0"

[[package]]
name = "p0698_partition_to_k_equal_subsets"
version = "0.1.0"

[[package]]
name = "p0700_search_in_a_binary_search_tree"
version = "0.1.0"

[[package]]
name = "p0703_kth_largest_element_in_a_stream"
version = "0.1.0"

[[package]]
name = "p0706_design_hashmap"
version = "0.1.0"

[[package]]
name = "p0707_design_linked_list"
version = "0.1.0"

[[package]]
name = "p0709_to_lower_case"
version = "0.1.0"

[[package]]
name = "p0712_minimum_ascii_delete_sum_for_two_strings"
version = "0.1.0"

[[package]]
name = "p0714_best_time_to_buy_sell_stock_with_transaction_fee"
version = "0.1.0"

[[package]]
name = "p0717_1_bit_and_2_bit_characters"
version = "0.1.0"

[[package]]
name = "p0718_maximum_length_of_repeated_subarray"
version = "0.1.0"

[[package]]
name = "p0720_longest_word_in_dictionary"
version = "0.1.0"

[[package]]
name = "p0721_accounts_merge"
version = "0.1.0"

[[package]]
name = "p0722_remove_comments"
version = "0.1.0"

[[package]]
name = "p0724_find_pivot_index"
version = "0.1.0"

[[package]]
name = "p0725_split_linked_list_in_parts"
version = "0.1.0"

[[package]]
name = "p0728_self_dividing_numbers"
version = "0.1.0"

[[package]]
name = "p0729_my_calendar_i"
version = "0.1.0"

[[package]]
name = "p0731_my_calendar_ii"
version = "0.1.0"

[[package]]
name = "p0733_flood_fill"
version = "0.1.0"

[[package]]
name = "p0738_monotone_increasing_digits"
version = "0.1.0"

[[package]]
name = "p0739_daily_temperatures"
version = "0.1.0"

[[package]]
name = "p0740_delete_and_earn"
version = "0.1.0"

[[package]]
name = "p0743_network_delay_time"
version = "0.1.0"

[[package]]
name = "p0744_find_smallest_letter_greater_than_target"
version = "0.1.0"

[[package]]
name = "p0746_min_cost_climbing_stairs"
version = "0.1.0"

[[package]]
name = "p0747_largest_number_at_least_twice_of_others"
version = "0.1.0"

[[package]]
name = "p0748_shortest_completing_word"
version = "0.1.0"

[[package]]
name = "p0752_open_the_lock"
version = "0.1.0"

[[package]]
name = "p0756_pyramid_transition_matrix"
version = "0.1.0"

[[package]]
name = "p0762_prime_number_of_set_bits_in_binary_representation"
version = "0.1.0"

[[package]]
name = "p0764_largest_plus_sign"
version = "0.1.0"

[[package]]
name = "p0766_toeplitz_matrix"
version = "0.1.0"

[[package]]
name = "p0767_reorganize_string"
version = "0.1.0"

[[package]]
name = "p0771_jewels_and_stones"
version = "0.1.0"

[[package]]
name = "ppv-lite86"
version = "0.2.10"
source = "registry+https://github.com/rust-lang/crates.io-index"

[[package]]
name = "problems"
version = "0.1.0"
dependencies = [
 "rand 0.7.3 (registry+https://github.com/rust-lang/crates.io-index)",
]

[[package]]
name = "rand"
version = "0.7.3"
source = "registry+https://github.com/rust-lang/crates.io-index"
dependencies = [
 "getrandom 0.1.15 (registry+https://github.com/rust-lang/crates.io-index)",
 "libc 0.2.80 (registry+https://github.com/rust-lang/crates.io-index)",
 "rand_chacha 0.2.2 (registry+https://github.com/rust-lang/crates.io-index)",
 "rand_core 0.5.1 (registry+https://github.com/rust-lang/crates.io-index)",
 "rand_hc 0.2.0 (registry+https://github.com/rust-lang/crates.io-index)",
]

[[package]]
name = "rand_chacha"
version = "0.2.2"
source = "registry+https://github.com/rust-lang/crates.io-index"
dependencies = [
 "ppv-lite86 0.2.10 (registry+https://github.com/rust-lang/crates.io-index)",
 "rand_core 0.5.1 (registry+https://github.com/rust-lang/crates.io-index)",
]

[[package]]
name = "rand_core"
version = "0.5.1"
source = "registry+https://github.com/rust-lang/crates.io-index"
dependencies = [
 "getrandom 0.1.15 (registry+https://github.com/rust-lang/crates.io-index)",
]

[[package]]
name = "rand_hc"
version = "0.2.0"
source = "registry+https://github.com/rust-lang/crates.io-index"
dependencies = [
 "rand_core 0.5.1 (registry+https://github.com/rust-lang/crates.io-index)",
]

[[package]]
name = "september_leetcoding_challenge"
version = "0.1.0"

[[package]]
name = "wasi"
version = "0.9.0+wasi-snapshot-preview1"
source = "registry+https://github.com/rust-lang/crates.io-index"

[metadata]
"checksum cfg-if 0.1.10 (registry+https://github.com/rust-lang/crates.io-index)" = "4785bdd1c96b2a846b2bd7cc02e86b6b3dbf14e7e53446c4f54c92a361040822"
"checksum getrandom 0.1.15 (registry+https://github.com/rust-lang/crates.io-index)" = "fc587bc0ec293155d5bfa6b9891ec18a1e330c234f896ea47fbada4cadbe47e6"
"checksum libc 0.2.80 (registry+https://github.com/rust-lang/crates.io-index)" = "4d58d1b70b004888f764dfbf6a26a3b0342a1632d33968e4a179d8011c760614"
"checksum ppv-lite86 0.2.10 (registry+https://github.com/rust-lang/crates.io-index)" = "ac74c624d6b2d21f425f752262f42188365d7b8ff1aff74c82e45136510a4857"
"checksum rand 0.7.3 (registry+https://github.com/rust-lang/crates.io-index)" = "6a6b1679d49b24bbfe0c803429aa1874472f50d9b363131f0e89fc356b544d03"
"checksum rand_chacha 0.2.2 (registry+https://github.com/rust-lang/crates.io-index)" = "f4c8ed856279c9737206bf725bf36935d8666ead7aa69b52be55af369d193402"
"checksum rand_core 0.5.1 (registry+https://github.com/rust-lang/crates.io-index)" = "90bde5296fc891b0cef12a6d03ddccc162ce7b2aff54160af9338f8d40df6d19"
"checksum rand_hc 0.2.0 (registry+https://github.com/rust-lang/crates.io-index)" = "ca3129af7b92a17112d59ad498c6f81eaf463253766b90396d39ea7a39d6613c"
"checksum wasi 0.9.0+wasi-snapshot-preview1 (registry+https://github.com/rust-lang/crates.io-index)" = "cccddf32554fecc6acb585f82a32a72e28b48f8c4c1883ddfeeeaa96f7d8e519"
